
Microsoft Visual Studio Solution File, Format Version 12.00
# Visual Studio Version 16
VisualStudioVersion = 16.0.31911.196
MinimumVisualStudioVersion = 10.0.40219.1
Project("{FAE04EC0-301F-11D3-BF4B-00C04F79EFBC}") = "JwtApp", "JwtApp\JwtApp.csproj", "{87A619D2-D929-4C63-9912-D45DCC7112A4}"
EndProject
Global
	GlobalSection(SolutionConfigurationPlatforms) = preSolution
		Debug|Any CPU = Debug|Any CPU
		Release|Any CPU = Release|Any CPU
	EndGlobalSection
	GlobalSection(ProjectConfigurationPlatforms) = postSolution
		{87A619D2-D929-4C63-9912-D45DCC7112A4}.Debug|Any CPU.ActiveCfg = Debug|Any CPU
		{87A619D2-D929-4C63-9912-D45DCC7112A4}.Debug|Any CPU.Build.0 = Debug|Any CPU
		{87A619D2-D929-4C63-9912-D45DCC7112A4}.Release|Any CPU.ActiveCfg = Release|Any CPU
		{87A619D2-D929-4C63-9912-D45DCC7112A4}.Release|Any CPU.Build.0 = Release|Any CPU
	EndGlobalSection
	GlobalSection(SolutionProperties) = preSolution
		HideSolutionNode = FALSE
	EndGlobalSection
	GlobalSection(ExtensibilityGlobals) = postSolution
		SolutionGuid = {0E32C985-9835-43EA-A7E8-5F311D4FBC1B}
	EndGlobalSection
EndGlobal
